
Microsoft Visual Studio Solution File, Format Version 12.00
# Visual Studio 2013
VisualStudioVersion = 12.0.30501.0
MinimumVisualStudioVersion = 10.0.40219.1
Project("{FAE04EC0-301F-11D3-BF4B-00C04F79EFBC}") = "Rest", "Rest\Rest.csproj", "{552F6B05-5408-4017-9106-68A4C25D8C68}"
EndProject
Project("{FAE04EC0-301F-11D3-BF4B-00C04F79EFBC}") = "RestServer", "RestServer\RestServer.csproj", "{36AC5973-7EB6-4CDB-9AB8-00E2053ABB6C}"
EndProject
Global
	GlobalSection(SolutionConfigurationPlatforms) = preSolution
		Debug|Any CPU = Debug|Any CPU
		Release|Any CPU = Release|Any CPU
	EndGlobalSection
	GlobalSection(ProjectConfigurationPlatforms) = postSolution
		{552F6B05-5408-4017-9106-68A4C25D8C68}.Debug|Any CPU.ActiveCfg = Debug|Any CPU
		{552F6B05-5408-4017-9106-68A4C25D8C68}.Debug|Any CPU.Build.0 = Debug|Any CPU
		{552F6B05-5408-4017-9106-68A4C25D8C68}.Release|Any CPU.ActiveCfg = Release|Any CPU
		{552F6B05-5408-4017-9106-68A4C25D8C68}.Release|Any CPU.Build.0 = Release|Any CPU
		{36AC5973-7EB6-4CDB-9AB8-00E2053ABB6C}.Debug|Any CPU.ActiveCfg = Debug|Any CPU
		{36AC5973-7EB6-4CDB-9AB8-00E2053ABB6C}.Debug|Any CPU.Build.0 = Debug|Any CPU
		{36AC5973-7EB6-4CDB-9AB8-00E2053ABB6C}.Release|Any CPU.ActiveCfg = Release|Any CPU
		{36AC5973-7EB6-4CDB-9AB8-00E2053ABB6C}.Release|Any CPU.Build.0 = Release|Any CPU
	EndGlobalSection
	GlobalSection(SolutionProperties) = preSolution
		HideSolutionNode = FALSE
	EndGlobalSection
EndGlobal
